lockfileVersion: 5.3

specifiers:
  axios: ^0.21.4
  semver: ^7.3.5
  url-join: ^4.0.1

dependencies:
  axios: registry.npmmirror.com/axios/0.21.4
  semver: registry.nlark.com/semver/7.3.5
  url-join: registry.nlark.com/url-join/4.0.1

packages:

  registry.nlark.com/lru-cache/6.0.0:
    resolution: {integrity: sha1-bW/mVw69lqr5D8rR2vo7JWbbOpQ=, registry: https://registry.npm.taobao.org/, tarball: https://registry.nlark.com/lru-cache/download/lru-cache-6.0.0.tgz}
    name: lru-cache
    version: 6.0.0
    engines: {node: '>=10'}
    dependencies:
      yallist: registry.nlark.com/yallist/4.0.0
    dev: false

  registry.nlark.com/semver/7.3.5:
    resolution: {integrity: sha1-C2Ich5NI2JmOSw5L6Us/EuYBjvc=, registry: https://registry.npm.taobao.org/, tarball: https://registry.nlark.com/semver/download/semver-7.3.5.tgz}
    name: semver
    version: 7.3.5
    engines: {node: '>=10'}
    hasBin: true
    dependencies:
      lru-cache: registry.nlark.com/lru-cache/6.0.0
    dev: false

  registry.nlark.com/url-join/4.0.1:
    resolution: {integrity: sha1-tkLiGiZGgI/6F4xMX9o5hE4Szec=, registry: https://registry.npm.taobao.org/, tarball: https://registry.nlark.com/url-join/download/url-join-4.0.1.tgz}
    name: url-join
    version: 4.0.1
    dev: false

  registry.nlark.com/yallist/4.0.0:
    resolution: {integrity: sha1-m7knkNnA7/7GO+c1GeEaNQGaOnI=, registry: https://registry.npm.taobao.org/, tarball: https://registry.nlark.com/yallist/download/yallist-4.0.0.tgz}
    name: yallist
    version: 4.0.0
    dev: false

  registry.npmmirror.com/axios/0.21.4:
    resolution: {integrity: sha1-xnuQ3AVo5cHPKwuFjEO6KOLtpXU=, registry: https://registry.npm.taobao.org/, tarball: https://registry.npmmirror.com/axios/download/axios-0.21.4.tgz}
    name: axios
    version: 0.21.4
    dependencies:
      follow-redirects: registry.npmmirror.com/follow-redirects/1.14.6
    transitivePeerDependencies:
      - debug
    dev: false

  registry.npmmirror.com/follow-redirects/1.14.6:
    resolution: {integrity: sha512-fhUl5EwSJbbl8AR+uYL2KQDxLkdSjZGR36xy46AO7cOMTrCMON6Sa28FmAnC2tRTDbd/Uuzz3aJBv7EBN7JH8A==, registry: https://registry.npm.taobao.org/, tarball: https://registry.npmmirror.com/follow-redirects/download/follow-redirects-1.14.6.tgz}
    name: follow-redirects
    version: 1.14.6
    engines: {node: '>=4.0'}
    peerDependencies:
      debug: '*'
    peerDependenciesMeta:
      debug:
        optional: true
    dev: false
