lockfileVersion: 5.3

specifiers:
  axios: ^0.24.0

dependencies:
  axios: registry.npmmirror.com/axios/0.24.0

packages:

  registry.npmmirror.com/axios/0.24.0:
    resolution: {integrity: sha1-gE5voeS5xSiFAd2d/1anoJQNINY=, registry: https://registry.npm.taobao.org/, tarball: https://registry.npmmirror.com/axios/download/axios-0.24.0.tgz}
    name: axios
    version: 0.24.0
    dependencies:
      follow-redirects: registry.npmmirror.com/follow-redirects/1.14.6
    transitivePeerDependencies:
      - debug
    dev: false

  registry.npmmirror.com/follow-redirects/1.14.6:
    resolution: {integrity: sha512-fhUl5EwSJbbl8AR+uYL2KQDxLkdSjZGR36xy46AO7cOMTrCMON6Sa28FmAnC2tRTDbd/Uuzz3aJBv7EBN7JH8A==, registry: https://registry.npm.taobao.org/, tarball: https://registry.npmmirror.com/follow-redirects/download/follow-redirects-1.14.6.tgz}
    name: follow-redirects
    version: 1.14.6
    engines: {node: '>=4.0'}
    peerDependencies:
      debug: '*'
    peerDependenciesMeta:
      debug:
        optional: true
    dev: false
