lockfileVersion: 5.3

specifiers:
  '@hedait-cli/log': file:../../utils/log
  colors: ^1.4.0
  semver: ^7.3.5

dependencies:
  '@hedait-cli/log': link:../../utils/log
  colors: registry.nlark.com/colors/1.4.0
  semver: registry.nlark.com/semver/7.3.5

packages:

  registry.nlark.com/colors/1.4.0:
    resolution: {integrity: sha1-xQSRR51MG9rtLJztMs98fcI2D3g=, registry: https://registry.npm.taobao.org/, tarball: https://registry.nlark.com/colors/download/colors-1.4.0.tgz}
    name: colors
    version: 1.4.0
    engines: {node: '>=0.1.90'}
    dev: false

  registry.nlark.com/lru-cache/6.0.0:
    resolution: {integrity: sha1-bW/mVw69lqr5D8rR2vo7JWbbOpQ=, registry: https://registry.npm.taobao.org/, tarball: https://registry.nlark.com/lru-cache/download/lru-cache-6.0.0.tgz}
    name: lru-cache
    version: 6.0.0
    engines: {node: '>=10'}
    dependencies:
      yallist: registry.nlark.com/yallist/4.0.0
    dev: false

  registry.nlark.com/semver/7.3.5:
    resolution: {integrity: sha1-C2Ich5NI2JmOSw5L6Us/EuYBjvc=, registry: https://registry.npm.taobao.org/, tarball: https://registry.nlark.com/semver/download/semver-7.3.5.tgz}
    name: semver
    version: 7.3.5
    engines: {node: '>=10'}
    hasBin: true
    dependencies:
      lru-cache: registry.nlark.com/lru-cache/6.0.0
    dev: false

  registry.nlark.com/yallist/4.0.0:
    resolution: {integrity: sha1-m7knkNnA7/7GO+c1GeEaNQGaOnI=, registry: https://registry.npm.taobao.org/, tarball: https://registry.nlark.com/yallist/download/yallist-4.0.0.tgz}
    name: yallist
    version: 4.0.0
    dev: false
